
Microsoft Visual Studio Solution File, Format Version 12.00
# Visual Studio 2013
VisualStudioVersion = 12.0.31101.0
MinimumVisualStudioVersion = 10.0.40219.1
Project("{FAE04EC0-301F-11D3-BF4B-00C04F79EFBC}") = "SolutionDependencyScanner", "SolutionScanner\SolutionDependencyScanner.csproj", "{A954A2F2-D16D-49D4-A505-A5E73A54CD4C}"
EndProject
Project("{FAE04EC0-301F-11D3-BF4B-00C04F79EFBC}") = "ScannerRunner", "ScannerRunner\ScannerRunner.csproj", "{62521652-50A1-4937-89D2-3CBDEDB3A324}"
EndProject
Global
	GlobalSection(SolutionConfigurationPlatforms) = preSolution
		Debug|Any CPU = Debug|Any CPU
		Release|Any CPU = Release|Any CPU
	EndGlobalSection
	GlobalSection(ProjectConfigurationPlatforms) = postSolution
		{A954A2F2-D16D-49D4-A505-A5E73A54CD4C}.Debug|Any CPU.ActiveCfg = Debug|Any CPU
		{A954A2F2-D16D-49D4-A505-A5E73A54CD4C}.Debug|Any CPU.Build.0 = Debug|Any CPU
		{A954A2F2-D16D-49D4-A505-A5E73A54CD4C}.Release|Any CPU.ActiveCfg = Release|Any CPU
		{A954A2F2-D16D-49D4-A505-A5E73A54CD4C}.Release|Any CPU.Build.0 = Release|Any CPU
		{62521652-50A1-4937-89D2-3CBDEDB3A324}.Debug|Any CPU.ActiveCfg = Debug|Any CPU
		{62521652-50A1-4937-89D2-3CBDEDB3A324}.Debug|Any CPU.Build.0 = Debug|Any CPU
		{62521652-50A1-4937-89D2-3CBDEDB3A324}.Release|Any CPU.ActiveCfg = Release|Any CPU
		{62521652-50A1-4937-89D2-3CBDEDB3A324}.Release|Any CPU.Build.0 = Release|Any CPU
	EndGlobalSection
	GlobalSection(SolutionProperties) = preSolution
		HideSolutionNode = FALSE
	EndGlobalSection
EndGlobal
